
Microsoft Visual Studio Solution File, Format Version 12.00
# Visual Studio Version 16
VisualStudioVersion = 16.0.32802.440
MinimumVisualStudioVersion = 10.0.40219.1
Project("{FAE04EC0-301F-11D3-BF4B-00C04F79EFBC}") = "EjemploR", "EjemploR\EjemploR.csproj", "{E67F81D8-A79D-4ED0-92EA-03EC63FF2D16}"
EndProject
Project("{9A19103F-16F7-4668-BE54-9A1E7A4F7556}") = "Ejemplo_Conexion_MongoDB", "..\Ejemplo_Conexion_MongoDB\Ejemplo_Conexion_MongoDB\Ejemplo_Conexion_MongoDB.csproj", "{B87B1095-E26D-4FCB-A2E5-043F5704AEB6}"
EndProject
Global
	GlobalSection(SolutionConfigurationPlatforms) = preSolution
		Debug|Any CPU = Debug|Any CPU
		Release|Any CPU = Release|Any CPU
	EndGlobalSection
	GlobalSection(ProjectConfigurationPlatforms) = postSolution
		{E67F81D8-A79D-4ED0-92EA-03EC63FF2D16}.Debug|Any CPU.ActiveCfg = Debug|Any CPU
		{E67F81D8-A79D-4ED0-92EA-03EC63FF2D16}.Debug|Any CPU.Build.0 = Debug|Any CPU
		{E67F81D8-A79D-4ED0-92EA-03EC63FF2D16}.Release|Any CPU.ActiveCfg = Release|Any CPU
		{E67F81D8-A79D-4ED0-92EA-03EC63FF2D16}.Release|Any CPU.Build.0 = Release|Any CPU
		{B87B1095-E26D-4FCB-A2E5-043F5704AEB6}.Debug|Any CPU.ActiveCfg = Debug|Any CPU
		{B87B1095-E26D-4FCB-A2E5-043F5704AEB6}.Debug|Any CPU.Build.0 = Debug|Any CPU
		{B87B1095-E26D-4FCB-A2E5-043F5704AEB6}.Release|Any CPU.ActiveCfg = Release|Any CPU
		{B87B1095-E26D-4FCB-A2E5-043F5704AEB6}.Release|Any CPU.Build.0 = Release|Any CPU
	EndGlobalSection
	GlobalSection(SolutionProperties) = preSolution
		HideSolutionNode = FALSE
	EndGlobalSection
	GlobalSection(ExtensibilityGlobals) = postSolution
		SolutionGuid = {94984036-304C-4F41-B0B7-7CA637EEF12D}
	EndGlobalSection
EndGlobal
